
Microsoft Visual Studio Solution File, Format Version 12.00
# Visual Studio Version 17
VisualStudioVersion = 17.3.32929.385
MinimumVisualStudioVersion = 10.0.40219.1
Project("{9A19103F-16F7-4668-BE54-9A1E7A4F7556}") = "Posts", "Posts\Posts.csproj", "{05121730-3496-40AB-992C-806D9CA0CF54}"
EndProject
Project("{9A19103F-16F7-4668-BE54-9A1E7A4F7556}") = "DAL", "DAL\DAL.csproj", "{C69B04E9-55F0-46FC-8DBD-16655ED5312B}"
EndProject
Project("{9A19103F-16F7-4668-BE54-9A1E7A4F7556}") = "Domain", "Domain\Domain.csproj", "{5BD74256-3B8B-4208-A030-1B5BE9A34E64}"
EndProject
Project("{9A19103F-16F7-4668-BE54-9A1E7A4F7556}") = "Service", "Service\Service.csproj", "{502AE279-C77C-4653-8F0F-B6E8B8734C67}"
EndProject
Project("{FAE04EC0-301F-11D3-BF4B-00C04F79EFBC}") = "BLL", "BLL\BLL.csproj", "{FC12C314-24AA-4382-B175-DA41CED1B2FB}"
EndProject
Global
	GlobalSection(SolutionConfigurationPlatforms) = preSolution
		Debug|Any CPU = Debug|Any CPU
		Release|Any CPU = Release|Any CPU
	EndGlobalSection
	GlobalSection(ProjectConfigurationPlatforms) = postSolution
		{05121730-3496-40AB-992C-806D9CA0CF54}.Debug|Any CPU.ActiveCfg = Debug|Any CPU
		{05121730-3496-40AB-992C-806D9CA0CF54}.Debug|Any CPU.Build.0 = Debug|Any CPU
		{05121730-3496-40AB-992C-806D9CA0CF54}.Release|Any CPU.ActiveCfg = Release|Any CPU
		{05121730-3496-40AB-992C-806D9CA0CF54}.Release|Any CPU.Build.0 = Release|Any CPU
		{C69B04E9-55F0-46FC-8DBD-16655ED5312B}.Debug|Any CPU.ActiveCfg = Debug|Any CPU
		{C69B04E9-55F0-46FC-8DBD-16655ED5312B}.Debug|Any CPU.Build.0 = Debug|Any CPU
		{C69B04E9-55F0-46FC-8DBD-16655ED5312B}.Release|Any CPU.ActiveCfg = Release|Any CPU
		{C69B04E9-55F0-46FC-8DBD-16655ED5312B}.Release|Any CPU.Build.0 = Release|Any CPU
		{5BD74256-3B8B-4208-A030-1B5BE9A34E64}.Debug|Any CPU.ActiveCfg = Debug|Any CPU
		{5BD74256-3B8B-4208-A030-1B5BE9A34E64}.Debug|Any CPU.Build.0 = Debug|Any CPU
		{5BD74256-3B8B-4208-A030-1B5BE9A34E64}.Release|Any CPU.ActiveCfg = Release|Any CPU
		{5BD74256-3B8B-4208-A030-1B5BE9A34E64}.Release|Any CPU.Build.0 = Release|Any CPU
		{502AE279-C77C-4653-8F0F-B6E8B8734C67}.Debug|Any CPU.ActiveCfg = Debug|Any CPU
		{502AE279-C77C-4653-8F0F-B6E8B8734C67}.Debug|Any CPU.Build.0 = Debug|Any CPU
		{502AE279-C77C-4653-8F0F-B6E8B8734C67}.Release|Any CPU.ActiveCfg = Release|Any CPU
		{502AE279-C77C-4653-8F0F-B6E8B8734C67}.Release|Any CPU.Build.0 = Release|Any CPU
		{FC12C314-24AA-4382-B175-DA41CED1B2FB}.Debug|Any CPU.ActiveCfg = Debug|Any CPU
		{FC12C314-24AA-4382-B175-DA41CED1B2FB}.Debug|Any CPU.Build.0 = Debug|Any CPU
		{FC12C314-24AA-4382-B175-DA41CED1B2FB}.Release|Any CPU.ActiveCfg = Release|Any CPU
		{FC12C314-24AA-4382-B175-DA41CED1B2FB}.Release|Any CPU.Build.0 = Release|Any CPU
	EndGlobalSection
	GlobalSection(SolutionProperties) = preSolution
		HideSolutionNode = FALSE
	EndGlobalSection
	GlobalSection(ExtensibilityGlobals) = postSolution
		SolutionGuid = {1C6F2341-1F27-4432-ACA8-002E626150D8}
	EndGlobalSection
EndGlobal
